<Solution>
  <Project Path="SESMAN.Application/SESMAN.Application.csproj" Id="e86eec04-da1c-4d23-9c40-82d39f4181b0" />
  <Project Path="sesman.client/sesman.client.esproj">
    <Build />
    <Deploy />
  </Project>
  <Project Path="SESMAN.Domain/SESMAN.Domain.csproj" Id="2b44471e-159b-4d48-9a67-50524c3c655a" />
  <Project Path="SESMAN.Infrastructure/SESMAN.Infrastructure.csproj" Id="b400fbd0-75a2-48ac-ba8c-678b02c59476" />
  <Project Path="SESMAN.Presentation/SESMAN.Presentation.csproj" Id="14d06257-1141-49e4-be62-caec44b85270" />
  <Project Path="SESMAN.Server/SESMAN.Server.csproj" />
</Solution>
